
Microsoft Visual Studio Solution File, Format Version 12.00
# Visual Studio Version 17
VisualStudioVersion = 17.12.35527.113 d17.12
MinimumVisualStudioVersion = 10.0.40219.1
Project("{FAE04EC0-301F-11D3-BF4B-00C04F79EFBC}") = "AppWithoutMediatR", "AppWithoutMediatR\AppWithoutMediatR.csproj", "{DF166092-5F3B-433B-9680-FBCB074E4CA2}"
EndProject
Project("{FAE04EC0-301F-11D3-BF4B-00C04F79EFBC}") = "AppWithoutMediatR.Tests", "AppWithoutMedtiaR.Tests\AppWithoutMediatR.Tests.csproj", "{68E75B10-5BD0-4978-85BB-50175A645FD0}"
EndProject
Global
	GlobalSection(SolutionConfigurationPlatforms) = preSolution
		Debug|Any CPU = Debug|Any CPU
		Release|Any CPU = Release|Any CPU
	EndGlobalSection
	GlobalSection(ProjectConfigurationPlatforms) = postSolution
		{DF166092-5F3B-433B-9680-FBCB074E4CA2}.Debug|Any CPU.ActiveCfg = Debug|Any CPU
		{DF166092-5F3B-433B-9680-FBCB074E4CA2}.Debug|Any CPU.Build.0 = Debug|Any CPU
		{DF166092-5F3B-433B-9680-FBCB074E4CA2}.Release|Any CPU.ActiveCfg = Release|Any CPU
		{DF166092-5F3B-433B-9680-FBCB074E4CA2}.Release|Any CPU.Build.0 = Release|Any CPU
		{68E75B10-5BD0-4978-85BB-50175A645FD0}.Debug|Any CPU.ActiveCfg = Debug|Any CPU
		{68E75B10-5BD0-4978-85BB-50175A645FD0}.Debug|Any CPU.Build.0 = Debug|Any CPU
		{68E75B10-5BD0-4978-85BB-50175A645FD0}.Release|Any CPU.ActiveCfg = Release|Any CPU
		{68E75B10-5BD0-4978-85BB-50175A645FD0}.Release|Any CPU.Build.0 = Release|Any CPU
	EndGlobalSection
	GlobalSection(SolutionProperties) = preSolution
		HideSolutionNode = FALSE
	EndGlobalSection
EndGlobal
